
Microsoft Visual Studio Solution File, Format Version 12.00
# Visual Studio Version 17
VisualStudioVersion = 17.0.31903.59
MinimumVisualStudioVersion = 10.0.40219.1
Project("{2150E333-8FDC-42A3-9474-1A3956D46DE8}") = "src", "src", "{6ED356A7-8B47-4613-AD01-C85CF28491BD}"
EndProject
Project("{9A19103F-16F7-4668-BE54-9A1E7A4F7556}") = "TodoLists.Application", "Application\TodoLists.Application.csproj", "{7EE1AD00-E917-4D6A-86C2-C1A8E6424FD4}"
EndProject
Project("{9A19103F-16F7-4668-BE54-9A1E7A4F7556}") = "TodoLists.Domain", "Domain\TodoLists.Domain.csproj", "{6B12BAB5-C4F6-46D2-ACC6-1214E395F302}"
EndProject
Project("{9A19103F-16F7-4668-BE54-9A1E7A4F7556}") = "TodoLists.Infrastructure", "Infrastructure\TodoLists.Infrastructure.csproj", "{D1A11BFA-161F-4A0D-B8B9-46BFC1F97B20}"
EndProject
Project("{2150E333-8FDC-42A3-9474-1A3956D46DE8}") = "Common", "Common", "{3E7057A9-B5BE-4E7A-8147-C7725B991341}"
EndProject
Project("{9A19103F-16F7-4668-BE54-9A1E7A4F7556}") = "CleanArchitecture.Application", "..\..\src\Application\CleanArchitecture.Application.csproj", "{ECA66D9E-1C90-4611-AE19-3E7462CCF93E}"
EndProject
Project("{9A19103F-16F7-4668-BE54-9A1E7A4F7556}") = "CleanArchitecture.Domain", "..\..\src\Domain\CleanArchitecture.Domain.csproj", "{4C540ACE-4F35-436B-9E03-FB4E4EAA3A67}"
EndProject
Project("{9A19103F-16F7-4668-BE54-9A1E7A4F7556}") = "CleanArchitecture.EntityFramework", "..\..\src\EntityFramework\CleanArchitecture.EntityFramework.csproj", "{CC77EB6D-DB07-4AC3-9C68-C99739278192}"
EndProject
Project("{2150E333-8FDC-42A3-9474-1A3956D46DE8}") = "Core", "Core", "{F77D1A50-4181-40A2-8B9A-5F5BA370219B}"
EndProject
Project("{2150E333-8FDC-42A3-9474-1A3956D46DE8}") = "Interface", "Interface", "{2947ECC0-53EA-4D44-BAAB-B45A3BF2B8D0}"
EndProject
Project("{2150E333-8FDC-42A3-9474-1A3956D46DE8}") = "Infrastructure", "Infrastructure", "{88D7B8E8-1A3A-4B91-B634-F89F4277E71D}"
EndProject
Project("{9A19103F-16F7-4668-BE54-9A1E7A4F7556}") = "TodoLists.Queries", "Queries\TodoLists.Queries.csproj", "{418E4235-3478-4029-A58F-553054427AE2}"
EndProject
Project("{2150E333-8FDC-42A3-9474-1A3956D46DE8}") = "Tests", "Tests", "{A0A95CEB-18E4-4771-A9AE-A7FE2B54B72C}"
EndProject
Project("{9A19103F-16F7-4668-BE54-9A1E7A4F7556}") = "TodoLists.Application.IntegrationTests", "Tests\TodoLists.Application.IntegrationTests\TodoLists.Application.IntegrationTests.csproj", "{F99BD829-4E18-4A04-8438-FF3E3456852E}"
EndProject
Project("{9A19103F-16F7-4668-BE54-9A1E7A4F7556}") = "TodoLists.Application.UnitTests", "Tests\TodoLists.Application.UnitTests\TodoLists.Application.UnitTests.csproj", "{80E77C4A-8107-4EAD-9823-B7E51C3D68CD}"
EndProject
Project("{9A19103F-16F7-4668-BE54-9A1E7A4F7556}") = "TodoLists.Domain.UnitTests", "Tests\TodoLists.Domain.UnitTests\TodoLists.Domain.UnitTests.csproj", "{C1529971-8A25-45EF-8F51-A9F781E61974}"
EndProject
Project("{9A19103F-16F7-4668-BE54-9A1E7A4F7556}") = "WebUI", "WebUI\WebUI.csproj", "{00ACD18B-648F-4EDC-A14F-0914A065BE88}"
EndProject
Global
	GlobalSection(SolutionConfigurationPlatforms) = preSolution
		Debug|Any CPU = Debug|Any CPU
		Release|Any CPU = Release|Any CPU
	EndGlobalSection
	GlobalSection(ProjectConfigurationPlatforms) = postSolution
		{7EE1AD00-E917-4D6A-86C2-C1A8E6424FD4}.Debug|Any CPU.ActiveCfg = Debug|Any CPU
		{7EE1AD00-E917-4D6A-86C2-C1A8E6424FD4}.Debug|Any CPU.Build.0 = Debug|Any CPU
		{7EE1AD00-E917-4D6A-86C2-C1A8E6424FD4}.Release|Any CPU.ActiveCfg = Release|Any CPU
		{7EE1AD00-E917-4D6A-86C2-C1A8E6424FD4}.Release|Any CPU.Build.0 = Release|Any CPU
		{6B12BAB5-C4F6-46D2-ACC6-1214E395F302}.Debug|Any CPU.ActiveCfg = Debug|Any CPU
		{6B12BAB5-C4F6-46D2-ACC6-1214E395F302}.Debug|Any CPU.Build.0 = Debug|Any CPU
		{6B12BAB5-C4F6-46D2-ACC6-1214E395F302}.Release|Any CPU.ActiveCfg = Release|Any CPU
		{6B12BAB5-C4F6-46D2-ACC6-1214E395F302}.Release|Any CPU.Build.0 = Release|Any CPU
		{D1A11BFA-161F-4A0D-B8B9-46BFC1F97B20}.Debug|Any CPU.ActiveCfg = Debug|Any CPU
		{D1A11BFA-161F-4A0D-B8B9-46BFC1F97B20}.Debug|Any CPU.Build.0 = Debug|Any CPU
		{D1A11BFA-161F-4A0D-B8B9-46BFC1F97B20}.Release|Any CPU.ActiveCfg = Release|Any CPU
		{D1A11BFA-161F-4A0D-B8B9-46BFC1F97B20}.Release|Any CPU.Build.0 = Release|Any CPU
		{ECA66D9E-1C90-4611-AE19-3E7462CCF93E}.Debug|Any CPU.ActiveCfg = Debug|Any CPU
		{ECA66D9E-1C90-4611-AE19-3E7462CCF93E}.Debug|Any CPU.Build.0 = Debug|Any CPU
		{ECA66D9E-1C90-4611-AE19-3E7462CCF93E}.Release|Any CPU.ActiveCfg = Release|Any CPU
		{ECA66D9E-1C90-4611-AE19-3E7462CCF93E}.Release|Any CPU.Build.0 = Release|Any CPU
		{4C540ACE-4F35-436B-9E03-FB4E4EAA3A67}.Debug|Any CPU.ActiveCfg = Debug|Any CPU
		{4C540ACE-4F35-436B-9E03-FB4E4EAA3A67}.Debug|Any CPU.Build.0 = Debug|Any CPU
		{4C540ACE-4F35-436B-9E03-FB4E4EAA3A67}.Release|Any CPU.ActiveCfg = Release|Any CPU
		{4C540ACE-4F35-436B-9E03-FB4E4EAA3A67}.Release|Any CPU.Build.0 = Release|Any CPU
		{CC77EB6D-DB07-4AC3-9C68-C99739278192}.Debug|Any CPU.ActiveCfg = Debug|Any CPU
		{CC77EB6D-DB07-4AC3-9C68-C99739278192}.Debug|Any CPU.Build.0 = Debug|Any CPU
		{CC77EB6D-DB07-4AC3-9C68-C99739278192}.Release|Any CPU.ActiveCfg = Release|Any CPU
		{CC77EB6D-DB07-4AC3-9C68-C99739278192}.Release|Any CPU.Build.0 = Release|Any CPU
		{418E4235-3478-4029-A58F-553054427AE2}.Debug|Any CPU.ActiveCfg = Debug|Any CPU
		{418E4235-3478-4029-A58F-553054427AE2}.Debug|Any CPU.Build.0 = Debug|Any CPU
		{418E4235-3478-4029-A58F-553054427AE2}.Release|Any CPU.ActiveCfg = Release|Any CPU
		{418E4235-3478-4029-A58F-553054427AE2}.Release|Any CPU.Build.0 = Release|Any CPU
		{F99BD829-4E18-4A04-8438-FF3E3456852E}.Debug|Any CPU.ActiveCfg = Debug|Any CPU
		{F99BD829-4E18-4A04-8438-FF3E3456852E}.Debug|Any CPU.Build.0 = Debug|Any CPU
		{F99BD829-4E18-4A04-8438-FF3E3456852E}.Release|Any CPU.ActiveCfg = Release|Any CPU
		{F99BD829-4E18-4A04-8438-FF3E3456852E}.Release|Any CPU.Build.0 = Release|Any CPU
		{80E77C4A-8107-4EAD-9823-B7E51C3D68CD}.Debug|Any CPU.ActiveCfg = Debug|Any CPU
		{80E77C4A-8107-4EAD-9823-B7E51C3D68CD}.Debug|Any CPU.Build.0 = Debug|Any CPU
		{80E77C4A-8107-4EAD-9823-B7E51C3D68CD}.Release|Any CPU.ActiveCfg = Release|Any CPU
		{80E77C4A-8107-4EAD-9823-B7E51C3D68CD}.Release|Any CPU.Build.0 = Release|Any CPU
		{C1529971-8A25-45EF-8F51-A9F781E61974}.Debug|Any CPU.ActiveCfg = Debug|Any CPU
		{C1529971-8A25-45EF-8F51-A9F781E61974}.Debug|Any CPU.Build.0 = Debug|Any CPU
		{C1529971-8A25-45EF-8F51-A9F781E61974}.Release|Any CPU.ActiveCfg = Release|Any CPU
		{C1529971-8A25-45EF-8F51-A9F781E61974}.Release|Any CPU.Build.0 = Release|Any CPU
		{00ACD18B-648F-4EDC-A14F-0914A065BE88}.Debug|Any CPU.ActiveCfg = Debug|Any CPU
		{00ACD18B-648F-4EDC-A14F-0914A065BE88}.Debug|Any CPU.Build.0 = Debug|Any CPU
		{00ACD18B-648F-4EDC-A14F-0914A065BE88}.Release|Any CPU.ActiveCfg = Release|Any CPU
		{00ACD18B-648F-4EDC-A14F-0914A065BE88}.Release|Any CPU.Build.0 = Release|Any CPU
	EndGlobalSection
	GlobalSection(SolutionProperties) = preSolution
		HideSolutionNode = FALSE
	EndGlobalSection
	GlobalSection(NestedProjects) = preSolution
		{7EE1AD00-E917-4D6A-86C2-C1A8E6424FD4} = {F77D1A50-4181-40A2-8B9A-5F5BA370219B}
		{6B12BAB5-C4F6-46D2-ACC6-1214E395F302} = {F77D1A50-4181-40A2-8B9A-5F5BA370219B}
		{D1A11BFA-161F-4A0D-B8B9-46BFC1F97B20} = {88D7B8E8-1A3A-4B91-B634-F89F4277E71D}
		{3E7057A9-B5BE-4E7A-8147-C7725B991341} = {6ED356A7-8B47-4613-AD01-C85CF28491BD}
		{ECA66D9E-1C90-4611-AE19-3E7462CCF93E} = {3E7057A9-B5BE-4E7A-8147-C7725B991341}
		{4C540ACE-4F35-436B-9E03-FB4E4EAA3A67} = {3E7057A9-B5BE-4E7A-8147-C7725B991341}
		{CC77EB6D-DB07-4AC3-9C68-C99739278192} = {3E7057A9-B5BE-4E7A-8147-C7725B991341}
		{F77D1A50-4181-40A2-8B9A-5F5BA370219B} = {6ED356A7-8B47-4613-AD01-C85CF28491BD}
		{2947ECC0-53EA-4D44-BAAB-B45A3BF2B8D0} = {6ED356A7-8B47-4613-AD01-C85CF28491BD}
		{88D7B8E8-1A3A-4B91-B634-F89F4277E71D} = {6ED356A7-8B47-4613-AD01-C85CF28491BD}
		{418E4235-3478-4029-A58F-553054427AE2} = {F77D1A50-4181-40A2-8B9A-5F5BA370219B}
		{A0A95CEB-18E4-4771-A9AE-A7FE2B54B72C} = {6ED356A7-8B47-4613-AD01-C85CF28491BD}
		{F99BD829-4E18-4A04-8438-FF3E3456852E} = {A0A95CEB-18E4-4771-A9AE-A7FE2B54B72C}
		{80E77C4A-8107-4EAD-9823-B7E51C3D68CD} = {A0A95CEB-18E4-4771-A9AE-A7FE2B54B72C}
		{C1529971-8A25-45EF-8F51-A9F781E61974} = {A0A95CEB-18E4-4771-A9AE-A7FE2B54B72C}
		{00ACD18B-648F-4EDC-A14F-0914A065BE88} = {2947ECC0-53EA-4D44-BAAB-B45A3BF2B8D0}
	EndGlobalSection
	GlobalSection(ExtensibilityGlobals) = postSolution
		SolutionGuid = {3CB609D9-5D54-4C11-A371-DAAC8B74E430}
	EndGlobalSection
EndGlobal
